
Microsoft Visual Studio Solution File, Format Version 12.00
# Visual Studio Version 16
VisualStudioVersion = 16.0.32228.343
MinimumVisualStudioVersion = 10.0.40219.1
Project("{FAE04EC0-301F-11D3-BF4B-00C04F79EFBC}") = "WebApplication3", "WebApplication3.csproj", "{DDBE796E-A463-41EA-B086-B7D777A53095}"
EndProject
Global
	GlobalSection(SolutionConfigurationPlatforms) = preSolution
		Debug|Any CPU = Debug|Any CPU
		Release|Any CPU = Release|Any CPU
	EndGlobalSection
	GlobalSection(ProjectConfigurationPlatforms) = postSolution
		{DDBE796E-A463-41EA-B086-B7D777A53095}.Debug|Any CPU.ActiveCfg = Debug|Any CPU
		{DDBE796E-A463-41EA-B086-B7D777A53095}.Debug|Any CPU.Build.0 = Debug|Any CPU
		{DDBE796E-A463-41EA-B086-B7D777A53095}.Release|Any CPU.ActiveCfg = Release|Any CPU
		{DDBE796E-A463-41EA-B086-B7D777A53095}.Release|Any CPU.Build.0 = Release|Any CPU
	EndGlobalSection
	GlobalSection(SolutionProperties) = preSolution
		HideSolutionNode = FALSE
	EndGlobalSection
	GlobalSection(ExtensibilityGlobals) = postSolution
		SolutionGuid = {0BBF9E65-52A9-49F3-B659-8A7DE8A9F043}
	EndGlobalSection
EndGlobal
